
Microsoft Visual Studio Solution File, Format Version 12.00
# Visual Studio Version 17
VisualStudioVersion = 17.14.36414.22
MinimumVisualStudioVersion = 10.0.40219.1
Project("{FAE04EC0-301F-11D3-BF4B-00C04F79EFBC}") = "NMSShipIOTool", "NMSShipIOTool\NMSShipIOTool.csproj", "{5C4BC91B-DF61-453A-B847-D393F8B1F020}"
EndProject
Project("{FAE04EC0-301F-11D3-BF4B-00C04F79EFBC}") = "NMSShipIOTool.Tabs", "NMSShipIOTool.Tabs\NMSShipIOTool.Tabs.csproj", "{3CC90EA7-9C9B-43DD-B498-F6E9EA50AABB}"
EndProject
Global
	GlobalSection(SolutionConfigurationPlatforms) = preSolution
		Debug|Any CPU = Debug|Any CPU
		Debug|x64 = Debug|x64
		Debug|x86 = Debug|x86
		Release|Any CPU = Release|Any CPU
		Release|x64 = Release|x64
		Release|x86 = Release|x86
	EndGlobalSection
	GlobalSection(ProjectConfigurationPlatforms) = postSolution
		{5C4BC91B-DF61-453A-B847-D393F8B1F020}.Debug|Any CPU.ActiveCfg = Debug|x64
		{5C4BC91B-DF61-453A-B847-D393F8B1F020}.Debug|Any CPU.Build.0 = Debug|x64
		{5C4BC91B-DF61-453A-B847-D393F8B1F020}.Debug|x64.ActiveCfg = Debug|x64
		{5C4BC91B-DF61-453A-B847-D393F8B1F020}.Debug|x64.Build.0 = Debug|x64
		{5C4BC91B-DF61-453A-B847-D393F8B1F020}.Debug|x86.ActiveCfg = Debug|x64
		{5C4BC91B-DF61-453A-B847-D393F8B1F020}.Debug|x86.Build.0 = Debug|x64
		{5C4BC91B-DF61-453A-B847-D393F8B1F020}.Release|Any CPU.ActiveCfg = Release|x64
		{5C4BC91B-DF61-453A-B847-D393F8B1F020}.Release|Any CPU.Build.0 = Release|x64
		{5C4BC91B-DF61-453A-B847-D393F8B1F020}.Release|x64.ActiveCfg = Release|x64
		{5C4BC91B-DF61-453A-B847-D393F8B1F020}.Release|x64.Build.0 = Release|x64
		{5C4BC91B-DF61-453A-B847-D393F8B1F020}.Release|x86.ActiveCfg = Release|x64
		{5C4BC91B-DF61-453A-B847-D393F8B1F020}.Release|x86.Build.0 = Release|x64
		{3CC90EA7-9C9B-43DD-B498-F6E9EA50AABB}.Debug|Any CPU.ActiveCfg = Debug|x64
		{3CC90EA7-9C9B-43DD-B498-F6E9EA50AABB}.Debug|Any CPU.Build.0 = Debug|x64
		{3CC90EA7-9C9B-43DD-B498-F6E9EA50AABB}.Debug|x64.ActiveCfg = Debug|x64
		{3CC90EA7-9C9B-43DD-B498-F6E9EA50AABB}.Debug|x64.Build.0 = Debug|x64
		{3CC90EA7-9C9B-43DD-B498-F6E9EA50AABB}.Debug|x86.ActiveCfg = Debug|x64
		{3CC90EA7-9C9B-43DD-B498-F6E9EA50AABB}.Debug|x86.Build.0 = Debug|x64
		{3CC90EA7-9C9B-43DD-B498-F6E9EA50AABB}.Release|Any CPU.ActiveCfg = Release|x64
		{3CC90EA7-9C9B-43DD-B498-F6E9EA50AABB}.Release|Any CPU.Build.0 = Release|x64
		{3CC90EA7-9C9B-43DD-B498-F6E9EA50AABB}.Release|x64.ActiveCfg = Release|x64
		{3CC90EA7-9C9B-43DD-B498-F6E9EA50AABB}.Release|x64.Build.0 = Release|x64
		{3CC90EA7-9C9B-43DD-B498-F6E9EA50AABB}.Release|x86.ActiveCfg = Release|x64
		{3CC90EA7-9C9B-43DD-B498-F6E9EA50AABB}.Release|x86.Build.0 = Release|x64
	EndGlobalSection
	GlobalSection(SolutionProperties) = preSolution
		HideSolutionNode = FALSE
	EndGlobalSection
	GlobalSection(ExtensibilityGlobals) = postSolution
		SolutionGuid = {68058F8C-2A35-4A1C-AB34-1AAD47F32221}
	EndGlobalSection
EndGlobal
